
Microsoft Visual Studio Solution File, Format Version 12.00
# Visual Studio Version 17
VisualStudioVersion = 17.7.34009.444
MinimumVisualStudioVersion = 10.0.40219.1
Project("{9A19103F-16F7-4668-BE54-9A1E7A4F7556}") = "MISA.CukCuk.API", "MISA.CukCuk.API\MISA.CukCuk.API.csproj", "{783748BA-743B-4B5D-BE25-E69330C4BA0C}"
EndProject
Global
	GlobalSection(SolutionConfigurationPlatforms) = preSolution
		Debug|Any CPU = Debug|Any CPU
		Release|Any CPU = Release|Any CPU
	EndGlobalSection
	GlobalSection(ProjectConfigurationPlatforms) = postSolution
		{783748BA-743B-4B5D-BE25-E69330C4BA0C}.Debug|Any CPU.ActiveCfg = Debug|Any CPU
		{783748BA-743B-4B5D-BE25-E69330C4BA0C}.Debug|Any CPU.Build.0 = Debug|Any CPU
		{783748BA-743B-4B5D-BE25-E69330C4BA0C}.Release|Any CPU.ActiveCfg = Release|Any CPU
		{783748BA-743B-4B5D-BE25-E69330C4BA0C}.Release|Any CPU.Build.0 = Release|Any CPU
	EndGlobalSection
	GlobalSection(SolutionProperties) = preSolution
		HideSolutionNode = FALSE
	EndGlobalSection
	GlobalSection(ExtensibilityGlobals) = postSolution
		SolutionGuid = {A29B60E8-538F-487E-BEEA-D38C103A87C1}
	EndGlobalSection
EndGlobal
